
Microsoft Visual Studio Solution File, Format Version 12.00
# Visual Studio 14
VisualStudioVersion = 14.0.25420.1
MinimumVisualStudioVersion = 10.0.40219.1
Project("{FAE04EC0-301F-11D3-BF4B-00C04F79EFBC}") = "PointsCollector", "PointsCollector\PointsCollector.csproj", "{7C25E6A1-0D0B-4625-A987-C6A3B5D69135}"
EndProject
Project("{F088123C-0E9E-452A-89E6-6BA2F21D5CAC}") = "HTML5GameModelling", "HTML5GameModelling\HTML5GameModelling.modelproj", "{7909DC79-BF09-4DC3-BA74-7A2518324E0A}"
EndProject
Project("{2150E333-8FDC-42A3-9474-1A3956D46DE8}") = ".nuget", ".nuget", "{5C5249C2-786A-4528-B4AB-32CCF2275053}"
	ProjectSection(SolutionItems) = preProject
		.nuget\packages.config = .nuget\packages.config
	EndProjectSection
EndProject
Project("{2150E333-8FDC-42A3-9474-1A3956D46DE8}") = "Solution Items", "Solution Items", "{9FFA365B-5247-4042-BA9C-396B988419AF}"
	ProjectSection(SolutionItems) = preProject
		.travis.yml = .travis.yml
		README.md = README.md
	EndProjectSection
EndProject
Global
	GlobalSection(SolutionConfigurationPlatforms) = preSolution
		Debug|Any CPU = Debug|Any CPU
		Release|Any CPU = Release|Any CPU
	EndGlobalSection
	GlobalSection(ProjectConfigurationPlatforms) = postSolution
		{7C25E6A1-0D0B-4625-A987-C6A3B5D69135}.Debug|Any CPU.ActiveCfg = Debug|Any CPU
		{7C25E6A1-0D0B-4625-A987-C6A3B5D69135}.Debug|Any CPU.Build.0 = Debug|Any CPU
		{7C25E6A1-0D0B-4625-A987-C6A3B5D69135}.Release|Any CPU.ActiveCfg = Release|Any CPU
		{7C25E6A1-0D0B-4625-A987-C6A3B5D69135}.Release|Any CPU.Build.0 = Release|Any CPU
		{7909DC79-BF09-4DC3-BA74-7A2518324E0A}.Debug|Any CPU.ActiveCfg = Debug|Any CPU
		{7909DC79-BF09-4DC3-BA74-7A2518324E0A}.Debug|Any CPU.Build.0 = Debug|Any CPU
		{7909DC79-BF09-4DC3-BA74-7A2518324E0A}.Release|Any CPU.ActiveCfg = Release|Any CPU
		{7909DC79-BF09-4DC3-BA74-7A2518324E0A}.Release|Any CPU.Build.0 = Release|Any CPU
	EndGlobalSection
	GlobalSection(SolutionProperties) = preSolution
		HideSolutionNode = FALSE
	EndGlobalSection
EndGlobal
